<Solution>
  <Folder Name="/Solution Items/">
    <File Path=".gitattributes" />
    <File Path=".gitignore" />
    <File Path="LICENSE.txt" />
    <File Path="README.md" />
    <File Path="StartAll.ps1" />
    <File Path="StopAll.ps1" />
  </Folder>
  <Project Path="MessageLoop.Common/MessageLoop.Common.csproj" />
  <Project Path="MessageLoop.Node/MessageLoop.Node.csproj" Id="62af522b-3e0c-4f02-9d15-1bb0d74a3fea" />
  <Project Path="MessageLoop.Web.Common/MessageLoop.Web.Common.csproj" Id="0f80f4dd-51c8-41be-ab4a-63d9ba78684f" />
</Solution>
